
Microsoft Visual Studio Solution File, Format Version 12.00
# Visual Studio Version 16
VisualStudioVersion = 16.0.29519.87
MinimumVisualStudioVersion = 10.0.40219.1
Project("{FAE04EC0-301F-11D3-BF4B-00C04F79EFBC}") = "BackgroundRunner", "BackgroundRunner\BackgroundRunner.csproj", "{838E0625-4CAE-427E-BCCC-8EF113337515}"
EndProject
Global
	GlobalSection(SolutionConfigurationPlatforms) = preSolution
		Debug|Any CPU = Debug|Any CPU
		Release|Any CPU = Release|Any CPU
	EndGlobalSection
	GlobalSection(ProjectConfigurationPlatforms) = postSolution
		{838E0625-4CAE-427E-BCCC-8EF113337515}.Debug|Any CPU.ActiveCfg = Debug|Any CPU
		{838E0625-4CAE-427E-BCCC-8EF113337515}.Debug|Any CPU.Build.0 = Debug|Any CPU
		{838E0625-4CAE-427E-BCCC-8EF113337515}.Release|Any CPU.ActiveCfg = Release|Any CPU
		{838E0625-4CAE-427E-BCCC-8EF113337515}.Release|Any CPU.Build.0 = Release|Any CPU
	EndGlobalSection
	GlobalSection(SolutionProperties) = preSolution
		HideSolutionNode = FALSE
	EndGlobalSection
	GlobalSection(ExtensibilityGlobals) = postSolution
		SolutionGuid = {50234F77-B76D-4F6A-8B30-A5FC6D8E45EA}
	EndGlobalSection
EndGlobal
